PODS:
  - Adtrade (2.14.2)
  - AdtradeAPI (1.0.0)
  - ATNetworking (1.0.0)

DEPENDENCIES:
  - Adtrade (from `../`)
  - AdtradeAPI (from `Development Pods/AdtradeAPI`)
  - ATNetworking (from `Development Pods/ATNetworking`)

EXTERNAL SOURCES:
  Adtrade:
    :path: "../"
  AdtradeAPI:
    :path: Development Pods/AdtradeAPI
  ATNetworking:
    :path: Development Pods/ATNetworking

SPEC CHECKSUMS:
  Adtrade: 92051e8a86d8938024e127615ba14773e7b408fc
  AdtradeAPI: e3d8a09ab588c492bca2362e2d881a02ee36d55c
  ATNetworking: 2a347276eb29a1fa62eff70536ee812c71ad2166

PODFILE CHECKSUM: 3eb3005e54062246baef0ef9de40d06b9666d909

COCOAPODS: 1.0.0.beta.6
